
Microsoft Visual Studio Solution File, Format Version 12.00
# Visual Studio Version 17
VisualStudioVersion = 17.13.35919.96 d17.13
MinimumVisualStudioVersion = 10.0.40219.1
Project("{FAE04EC0-301F-11D3-BF4B-00C04F79EFBC}") = "MiniCalculator", "MiniCalculator\MiniCalculator.csproj", "{0877F53D-900F-46BB-A0EC-3189BCD892B5}"
EndProject
Global
	GlobalSection(SolutionConfigurationPlatforms) = preSolution
		Debug|Any CPU = Debug|Any CPU
		Release|Any CPU = Release|Any CPU
	EndGlobalSection
	GlobalSection(ProjectConfigurationPlatforms) = postSolution
		{0877F53D-900F-46BB-A0EC-3189BCD892B5}.Debug|Any CPU.ActiveCfg = Debug|Any CPU
		{0877F53D-900F-46BB-A0EC-3189BCD892B5}.Debug|Any CPU.Build.0 = Debug|Any CPU
		{0877F53D-900F-46BB-A0EC-3189BCD892B5}.Release|Any CPU.ActiveCfg = Release|Any CPU
		{0877F53D-900F-46BB-A0EC-3189BCD892B5}.Release|Any CPU.Build.0 = Release|Any CPU
	EndGlobalSection
	GlobalSection(SolutionProperties) = preSolution
		HideSolutionNode = FALSE
	EndGlobalSection
	GlobalSection(ExtensibilityGlobals) = postSolution
		SolutionGuid = {D59C8529-674A-4534-A8A9-654CAD2D160B}
	EndGlobalSection
EndGlobal
